// !$*UTF8*$!
{
	archiveVersion = 1;
	classes = {
	};
	objectVersion = 50;
	objects = {

/* Begin PBXBuildFile section */
		1F66E9EB21EA8EAA00073820 /* AppDelegate.swift in Sources */ = {isa = PBXBuildFile; fileRef = 1F66E9EA21EA8EAA00073820 /* AppDelegate.swift */; };
		1F66E9ED21EA8EAC00073820 /* Assets.xcassets in Resources */ = {isa = PBXBuildFile; fileRef = 1F66E9EC21EA8EAC00073820 /* Assets.xcassets */; };
		1F66E9F021EA8EAC00073820 /* MainMenu.xib in Resources */ = {isa = PBXBuildFile; fileRef = 1F66E9EE21EA8EAC00073820 /* MainMenu.xib */; };
		1F66EA0521EA98B600073820 /* artCanvasView.swift in Sources */ = {isa = PBXBuildFile; fileRef = 1F66EA0421EA98B600073820 /* artCanvasView.swift */; };
		1F66EA0721EABE0200073820 /* WaveRGBActions.swift in Sources */ = {isa = PBXBuildFile; fileRef = 1F66EA0621EABE0200073820 /* WaveRGBActions.swift */; };
		1F66EA0921EABF2600073820 /* RingPrefs.swift in Sources */ = {isa = PBXBuildFile; fileRef = 1F66EA0821EABF2600073820 /* RingPrefs.swift */; };
		1F66EA0B21EAE09600073820 /* KeyListener.swift in Sources */ = {isa = PBXBuildFile; fileRef = 1F66EA0A21EAE09600073820 /* KeyListener.swift */; };
		1F66EA0D21EAEB0A00073820 /* AnimatedCircle.swift in Sources */ = {isa = PBXBuildFile; fileRef = 1F66EA0C21EAEB0A00073820 /* AnimatedCircle.swift */; };
		1F66EA0F21EAF2F600073820 /* AnimatedCircleGroup.swift in Sources */ = {isa = PBXBuildFile; fileRef = 1F66EA0E21EAF2F600073820 /* AnimatedCircleGroup.swift */; };
		1F66EA1121EAFFA700073820 /* keysBackground.png in Resources */ = {isa = PBXBuildFile; fileRef = 1F66EA1021EAFFA600073820 /* keysBackground.png */; };
		1F66EA1321EB00BE00073820 /* KeyboardInfo.swift in Sources */ = {isa = PBXBuildFile; fileRef = 1F66EA1221EB00BE00073820 /* KeyboardInfo.swift */; };
		1F66EA1521EB0ADA00073820 /* LogitechLED.framework in Frameworks */ = {isa = PBXBuildFile; fileRef = 1F66EA1421EB0ADA00073820 /* LogitechLED.framework */; };
		1F66EA1621EB0ADA00073820 /* LogitechLED.framework in Embed Frameworks */ = {isa = PBXBuildFile; fileRef = 1F66EA1421EB0ADA00073820 /* LogitechLED.framework */; settings = {ATTRIBUTES = (CodeSignOnCopy, RemoveHeadersOnCopy, ); }; };
		1F66EA1F21EB0BC600073820 /* MyLightsLib.m in Sources */ = {isa = PBXBuildFile; fileRef = 1F66EA1C21EB0BC600073820 /* MyLightsLib.m */; };
/* End PBXBuildFile section */

/* Begin PBXCopyFilesBuildPhase section */
		1F66EA1721EB0ADA00073820 /* Embed Frameworks */ = {
			isa = PBXCopyFilesBuildPhase;
			buildActionMask = 2147483647;
			dstPath = "";
			dstSubfolderSpec = 10;
			files = (
				1F66EA1621EB0ADA00073820 /* LogitechLED.framework in Embed Frameworks */,
			);
			name = "Embed Frameworks";
			runOnlyForDeploymentPostprocessing = 0;
		};
/* End PBXCopyFilesBuildPhase section */

/* Begin PBXFileReference section */
		1F66E9E721EA8EAA00073820 /* Wave RGB.app */ = {isa = PBXFileReference; explicitFileType = wrapper.application; includeInIndex = 0; path = "Wave RGB.app"; sourceTree = BUILT_PRODUCTS_DIR; };
		1F66E9EA21EA8EAA00073820 /* AppDelegate.swift */ = {isa = PBXFileReference; lastKnownFileType = sourcecode.swift; path = AppDelegate.swift; sourceTree = "<group>"; };
		1F66E9EC21EA8EAC00073820 /* Assets.xcassets */ = {isa = PBXFileReference; lastKnownFileType = folder.assetcatalog; path = Assets.xcassets; sourceTree = "<group>"; };
		1F66E9EF21EA8EAC00073820 /* Base */ = {isa = PBXFileReference; lastKnownFileType = file.xib; name = Base; path = Base.lproj/MainMenu.xib; sourceTree = "<group>"; };
		1F66E9F121EA8EAC00073820 /* Info.plist */ = {isa = PBXFileReference; lastKnownFileType = text.plist.xml; path = Info.plist; sourceTree = "<group>"; };
		1F66E9F221EA8EAC00073820 /* Wave_RGB.entitlements */ = {isa = PBXFileReference; lastKnownFileType = text.plist.entitlements; path = Wave_RGB.entitlements; sourceTree = "<group>"; };
		1F66EA0421EA98B600073820 /* artCanvasView.swift */ = {isa = PBXFileReference; lastKnownFileType = sourcecode.swift; path = artCanvasView.swift; sourceTree = "<group>"; };
		1F66EA0621EABE0200073820 /* WaveRGBActions.swift */ = {isa = PBXFileReference; lastKnownFileType = sourcecode.swift; path = WaveRGBActions.swift; sourceTree = "<group>"; };
		1F66EA0821EABF2600073820 /* RingPrefs.swift */ = {isa = PBXFileReference; lastKnownFileType = sourcecode.swift; path = RingPrefs.swift; sourceTree = "<group>"; };
		1F66EA0A21EAE09600073820 /* KeyListener.swift */ = {isa = PBXFileReference; lastKnownFileType = sourcecode.swift; path = KeyListener.swift; sourceTree = "<group>"; };
		1F66EA0C21EAEB0A00073820 /* AnimatedCircle.swift */ = {isa = PBXFileReference; lastKnownFileType = sourcecode.swift; path = AnimatedCircle.swift; sourceTree = "<group>"; };
		1F66EA0E21EAF2F600073820 /* AnimatedCircleGroup.swift */ = {isa = PBXFileReference; lastKnownFileType = sourcecode.swift; path = AnimatedCircleGroup.swift; sourceTree = "<group>"; };
		1F66EA1021EAFFA600073820 /* keysBackground.png */ = {isa = PBXFileReference; lastKnownFileType = image.png; path = keysBackground.png; sourceTree = "<group>"; };
		1F66EA1221EB00BE00073820 /* KeyboardInfo.swift */ = {isa = PBXFileReference; lastKnownFileType = sourcecode.swift; path = KeyboardInfo.swift; sourceTree = "<group>"; };
		1F66EA1421EB0ADA00073820 /* LogitechLED.framework */ = {isa = PBXFileReference; lastKnownFileType = wrapper.framework; path = LogitechLED.framework; sourceTree = "<group>"; };
		1F66EA1921EB0BC600073820 /* MyLightsLib.h */ = {isa = PBXFileReference; fileEncoding = 4; lastKnownFileType = sourcecode.c.h; path = MyLightsLib.h; sourceTree = "<group>"; };
		1F66EA1A21EB0BC600073820 /* commonLED.h */ = {isa = PBXFileReference; fileEncoding = 4; lastKnownFileType = sourcecode.c.h; path = commonLED.h; sourceTree = "<group>"; };
		1F66EA1B21EB0BC600073820 /* LogitechLED.framework */ = {isa = PBXFileReference; lastKnownFileType = wrapper.framework; path = LogitechLED.framework; sourceTree = "<group>"; };
		1F66EA1C21EB0BC600073820 /* MyLightsLib.m */ = {isa = PBXFileReference; fileEncoding = 4; lastKnownFileType = sourcecode.c.objc; path = MyLightsLib.m; sourceTree = "<group>"; };
		1F66EA1D21EB0BC600073820 /* MyLightsLib-Bridging-Header.h */ = {isa = PBXFileReference; fileEncoding = 4; lastKnownFileType = sourcecode.c.h; path = "MyLightsLib-Bridging-Header.h"; sourceTree = "<group>"; };
/* End PBXFileReference section */

/* Begin PBXFrameworksBuildPhase section */
		1F66E9E421EA8EAA00073820 /* Frameworks */ = {
			isa = PBXFrameworksBuildPhase;
			buildActionMask = 2147483647;
			files = (
				1F66EA1521EB0ADA00073820 /* LogitechLED.framework in Frameworks */,
			);
			runOnlyForDeploymentPostprocessing = 0;
		};
/* End PBXFrameworksBuildPhase section */

/* Begin PBXGroup section */
		1F66E9DE21EA8EAA00073820 = {
			isa = PBXGroup;
			children = (
				1F66E9E921EA8EAA00073820 /* Wave RGB */,
				1F66EA1421EB0ADA00073820 /* LogitechLED.framework */,
				1F66E9E821EA8EAA00073820 /* Products */,
				1F66E9F821EA8F0A00073820 /* Frameworks */,
			);
			sourceTree = "<group>";
		};
		1F66E9E821EA8EAA00073820 /* Products */ = {
			isa = PBXGroup;
			children = (
				1F66E9E721EA8EAA00073820 /* Wave RGB.app */,
			);
			name = Products;
			sourceTree = "<group>";
		};
		1F66E9E921EA8EAA00073820 /* Wave RGB */ = {
			isa = PBXGroup;
			children = (
				1F66EA1821EB0BC600073820 /* MyLightsLib */,
				1F66E9EA21EA8EAA00073820 /* AppDelegate.swift */,
				1F66EA0A21EAE09600073820 /* KeyListener.swift */,
				1F66EA0821EABF2600073820 /* RingPrefs.swift */,
				1F66EA0621EABE0200073820 /* WaveRGBActions.swift */,
				1F66EA0C21EAEB0A00073820 /* AnimatedCircle.swift */,
				1F66EA1221EB00BE00073820 /* KeyboardInfo.swift */,
				1F66EA1021EAFFA600073820 /* keysBackground.png */,
				1F66EA0E21EAF2F600073820 /* AnimatedCircleGroup.swift */,
				1F66E9EC21EA8EAC00073820 /* Assets.xcassets */,
				1F66E9EE21EA8EAC00073820 /* MainMenu.xib */,
				1F66EA0421EA98B600073820 /* artCanvasView.swift */,
				1F66E9F121EA8EAC00073820 /* Info.plist */,
				1F66E9F221EA8EAC00073820 /* Wave_RGB.entitlements */,
			);
			path = "Wave RGB";
			sourceTree = "<group>";
		};
		1F66E9F821EA8F0A00073820 /* Frameworks */ = {
			isa = PBXGroup;
			children = (
			);
			name = Frameworks;
			sourceTree = "<group>";
		};
		1F66EA1821EB0BC600073820 /* MyLightsLib */ = {
			isa = PBXGroup;
			children = (
				1F66EA1921EB0BC600073820 /* MyLightsLib.h */,
				1F66EA1A21EB0BC600073820 /* commonLED.h */,
				1F66EA1B21EB0BC600073820 /* LogitechLED.framework */,
				1F66EA1C21EB0BC600073820 /* MyLightsLib.m */,
				1F66EA1D21EB0BC600073820 /* MyLightsLib-Bridging-Header.h */,
			);
			path = MyLightsLib;
			sourceTree = "<group>";
		};
/* End PBXGroup section */

/* Begin PBXNativeTarget section */
		1F66E9E621EA8EAA00073820 /* Wave RGB */ = {
			isa = PBXNativeTarget;
			buildConfigurationList = 1F66E9F521EA8EAC00073820 /* Build configuration list for PBXNativeTarget "Wave RGB" */;
			buildPhases = (
				1F66E9E321EA8EAA00073820 /* Sources */,
				1F66E9E421EA8EAA00073820 /* Frameworks */,
				1F66E9E521EA8EAA00073820 /* Resources */,
				1F66EA1721EB0ADA00073820 /* Embed Frameworks */,
			);
			buildRules = (
			);
			dependencies = (
			);
			name = "Wave RGB";
			productName = "Wave RGB";
			productReference = 1F66E9E721EA8EAA00073820 /* Wave RGB.app */;
			productType = "com.apple.product-type.application";
		};
/* End PBXNativeTarget section */

/* Begin PBXProject section */
		1F66E9DF21EA8EAA00073820 /* Project object */ = {
			isa = PBXProject;
			attributes = {
				CLASSPREFIX = JDsc;
				LastSwiftUpdateCheck = 1010;
				LastUpgradeCheck = 1010;
				ORGANIZATIONNAME = "J∆•Softcode";
				TargetAttributes = {
					1F66E9E621EA8EAA00073820 = {
						CreatedOnToolsVersion = 10.1;
						SystemCapabilities = {
							com.apple.Sandbox = {
								enabled = 0;
							};
						};
					};
				};
			};
			buildConfigurationList = 1F66E9E221EA8EAA00073820 /* Build configuration list for PBXProject "Wave RGB" */;
			compatibilityVersion = "Xcode 9.3";
			developmentRegion = en;
			hasScannedForEncodings = 0;
			knownRegions = (
				en,
				Base,
			);
			mainGroup = 1F66E9DE21EA8EAA00073820;
			productRefGroup = 1F66E9E821EA8EAA00073820 /* Products */;
			projectDirPath = "";
			projectRoot = "";
			targets = (
				1F66E9E621EA8EAA00073820 /* Wave RGB */,
			);
		};
/* End PBXProject section */

/* Begin PBXResourcesBuildPhase section */
		1F66E9E521EA8EAA00073820 /* Resources */ = {
			isa = PBXResourcesBuildPhase;
			buildActionMask = 2147483647;
			files = (
				1F66E9ED21EA8EAC00073820 /* Assets.xcassets in Resources */,
				1F66EA1121EAFFA700073820 /* keysBackground.png in Resources */,
				1F66E9F021EA8EAC00073820 /* MainMenu.xib in Resources */,
			);
			runOnlyForDeploymentPostprocessing = 0;
		};
/* End PBXResourcesBuildPhase section */

/* Begin PBXSourcesBuildPhase section */
		1F66E9E321EA8EAA00073820 /* Sources */ = {
			isa = PBXSourcesBuildPhase;
			buildActionMask = 2147483647;
			files = (
				1F66EA0721EABE0200073820 /* WaveRGBActions.swift in Sources */,
				1F66EA1F21EB0BC600073820 /* MyLightsLib.m in Sources */,
				1F66EA0521EA98B600073820 /* artCanvasView.swift in Sources */,
				1F66EA1321EB00BE00073820 /* KeyboardInfo.swift in Sources */,
				1F66EA0D21EAEB0A00073820 /* AnimatedCircle.swift in Sources */,
				1F66EA0B21EAE09600073820 /* KeyListener.swift in Sources */,
				1F66EA0921EABF2600073820 /* RingPrefs.swift in Sources */,
				1F66EA0F21EAF2F600073820 /* AnimatedCircleGroup.swift in Sources */,
				1F66E9EB21EA8EAA00073820 /* AppDelegate.swift in Sources */,
			);
			runOnlyForDeploymentPostprocessing = 0;
		};
/* End PBXSourcesBuildPhase section */

/* Begin PBXVariantGroup section */
		1F66E9EE21EA8EAC00073820 /* MainMenu.xib */ = {
			isa = PBXVariantGroup;
			children = (
				1F66E9EF21EA8EAC00073820 /* Base */,
			);
			name = MainMenu.xib;
			sourceTree = "<group>";
		};
/* End PBXVariantGroup section */

/* Begin XCBuildConfiguration section */
		1F66E9F321EA8EAC00073820 /* Debug */ = {
			isa = XCBuildConfiguration;
			buildSettings = {
				ALWAYS_SEARCH_USER_PATHS = NO;
				CLANG_ANALYZER_NONNULL = YES;
				CLANG_ANALYZER_NUMBER_OBJECT_CONVERSION = YES_AGGRESSIVE;
				CLANG_CXX_LANGUAGE_STANDARD = "gnu++14";
				CLANG_CXX_LIBRARY = "libc++";
				CLANG_ENABLE_MODULES = YES;
				CLANG_ENABLE_OBJC_ARC = YES;
				CLANG_ENABLE_OBJC_WEAK = YES;
				CLANG_WARN_BLOCK_CAPTURE_AUTORELEASING = YES;
				CLANG_WARN_BOOL_CONVERSION = YES;
				CLANG_WARN_COMMA = YES;
				CLANG_WARN_CONSTANT_CONVERSION = YES;
				CLANG_WARN_DEPRECATED_OBJC_IMPLEMENTATIONS = YES;
				CLANG_WARN_DIRECT_OBJC_ISA_USAGE = YES_ERROR;
				CLANG_WARN_DOCUMENTATION_COMMENTS = YES;
				CLANG_WARN_EMPTY_BODY = YES;
				CLANG_WARN_ENUM_CONVERSION = YES;
				CLANG_WARN_INFINITE_RECURSION = YES;
				CLANG_WARN_INT_CONVERSION = YES;
				CLANG_WARN_NON_LITERAL_NULL_CONVERSION = YES;
				CLANG_WARN_OBJC_IMPLICIT_RETAIN_SELF = YES;
				CLANG_WARN_OBJC_LITERAL_CONVERSION = YES;
				CLANG_WARN_OBJC_ROOT_CLASS = YES_ERROR;
				CLANG_WARN_RANGE_LOOP_ANALYSIS = YES;
				CLANG_WARN_STRICT_PROTOTYPES = YES;
				CLANG_WARN_SUSPICIOUS_MOVE = YES;
				CLANG_WARN_UNGUARDED_AVAILABILITY = YES_AGGRESSIVE;
				CLANG_WARN_UNREACHABLE_CODE = YES;
				CLANG_WARN__DUPLICATE_METHOD_MATCH = YES;
				CODE_SIGN_IDENTITY = "Mac Developer";
				COPY_PHASE_STRIP = NO;
				DEBUG_INFORMATION_FORMAT = dwarf;
				ENABLE_STRICT_OBJC_MSGSEND = YES;
				ENABLE_TESTABILITY = YES;
				GCC_C_LANGUAGE_STANDARD = gnu11;
				GCC_DYNAMIC_NO_PIC = NO;
				GCC_NO_COMMON_BLOCKS = YES;
				GCC_OPTIMIZATION_LEVEL = 0;
				GCC_PREPROCESSOR_DEFINITIONS = (
					"DEBUG=1",
					"$(inherited)",
				);
				GCC_WARN_64_TO_32_BIT_CONVERSION = YES;
				GCC_WARN_ABOUT_RETURN_TYPE = YES_ERROR;
				GCC_WARN_UNDECLARED_SELECTOR = YES;
				GCC_WARN_UNINITIALIZED_AUTOS = YES_AGGRESSIVE;
				GCC_WARN_UNUSED_FUNCTION = YES;
				GCC_WARN_UNUSED_VARIABLE = YES;
				MACOSX_DEPLOYMENT_TARGET = 10.13;
				MTL_ENABLE_DEBUG_INFO = INCLUDE_SOURCE;
				MTL_FAST_MATH = YES;
				ONLY_ACTIVE_ARCH = YES;
				SDKROOT = macosx;
				SWIFT_ACTIVE_COMPILATION_CONDITIONS = DEBUG;
				SWIFT_OBJC_BRIDGING_HEADER = "Wave RGB/MyLightsLib/MyLightsLib-Bridging-Header.h";
				SWIFT_OPTIMIZATION_LEVEL = "-Onone";
			};
			name = Debug;
		};
		1F66E9F421EA8EAC00073820 /* Release */ = {
			isa = XCBuildConfiguration;
			buildSettings = {
				ALWAYS_SEARCH_USER_PATHS = NO;
				CLANG_ANALYZER_NONNULL = YES;
				CLANG_ANALYZER_NUMBER_OBJECT_CONVERSION = YES_AGGRESSIVE;
				CLANG_CXX_LANGUAGE_STANDARD = "gnu++14";
				CLANG_CXX_LIBRARY = "libc++";
				CLANG_ENABLE_MODULES = YES;
				CLANG_ENABLE_OBJC_ARC = YES;
				CLANG_ENABLE_OBJC_WEAK = YES;
				CLANG_WARN_BLOCK_CAPTURE_AUTORELEASING = YES;
				CLANG_WARN_BOOL_CONVERSION = YES;
				CLANG_WARN_COMMA = YES;
				CLANG_WARN_CONSTANT_CONVERSION = YES;
				CLANG_WARN_DEPRECATED_OBJC_IMPLEMENTATIONS = YES;
				CLANG_WARN_DIRECT_OBJC_ISA_USAGE = YES_ERROR;
				CLANG_WARN_DOCUMENTATION_COMMENTS = YES;
				CLANG_WARN_EMPTY_BODY = YES;
				CLANG_WARN_ENUM_CONVERSION = YES;
				CLANG_WARN_INFINITE_RECURSION = YES;
				CLANG_WARN_INT_CONVERSION = YES;
				CLANG_WARN_NON_LITERAL_NULL_CONVERSION = YES;
				CLANG_WARN_OBJC_IMPLICIT_RETAIN_SELF = YES;
				CLANG_WARN_OBJC_LITERAL_CONVERSION = YES;
				CLANG_WARN_OBJC_ROOT_CLASS = YES_ERROR;
				CLANG_WARN_RANGE_LOOP_ANALYSIS = YES;
				CLANG_WARN_STRICT_PROTOTYPES = YES;
				CLANG_WARN_SUSPICIOUS_MOVE = YES;
				CLANG_WARN_UNGUARDED_AVAILABILITY = YES_AGGRESSIVE;
				CLANG_WARN_UNREACHABLE_CODE = YES;
				CLANG_WARN__DUPLICATE_METHOD_MATCH = YES;
				CODE_SIGN_IDENTITY = "Mac Developer";
				COPY_PHASE_STRIP = NO;
				DEBUG_INFORMATION_FORMAT = "dwarf-with-dsym";
				ENABLE_NS_ASSERTIONS = NO;
				ENABLE_STRICT_OBJC_MSGSEND = YES;
				GCC_C_LANGUAGE_STANDARD = gnu11;
				GCC_NO_COMMON_BLOCKS = YES;
				GCC_WARN_64_TO_32_BIT_CONVERSION = YES;
				GCC_WARN_ABOUT_RETURN_TYPE = YES_ERROR;
				GCC_WARN_UNDECLARED_SELECTOR = YES;
				GCC_WARN_UNINITIALIZED_AUTOS = YES_AGGRESSIVE;
				GCC_WARN_UNUSED_FUNCTION = YES;
				GCC_WARN_UNUSED_VARIABLE = YES;
				MACOSX_DEPLOYMENT_TARGET = 10.13;
				MTL_ENABLE_DEBUG_INFO = NO;
				MTL_FAST_MATH = YES;
				SDKROOT = macosx;
				SWIFT_COMPILATION_MODE = wholemodule;
				SWIFT_OBJC_BRIDGING_HEADER = "Wave RGB/MyLightsLib/MyLightsLib-Bridging-Header.h";
				SWIFT_OPTIMIZATION_LEVEL = "-O";
			};
			name = Release;
		};
		1F66E9F621EA8EAC00073820 /* Debug */ = {
			isa = XCBuildConfiguration;
			buildSettings = {
				ASSETCATALOG_COMPILER_APPICON_NAME = AppIcon;
				CODE_SIGN_IDENTITY = "Mac Developer";
				CODE_SIGN_STYLE = Manual;
				COMBINE_HIDPI_IMAGES = YES;
				DEVELOPMENT_TEAM = C8PD7JUGYH;
				FRAMEWORK_SEARCH_PATHS = (
					"$(inherited)",
					"$(PROJECT_DIR)",
					"$(PROJECT_DIR)/Wave\\ RGB/MyLightsLib",
				);
				INFOPLIST_FILE = "Wave RGB/Info.plist";
				LD_RUNPATH_SEARCH_PATHS = (
					"$(inherited)",
					"@executable_path/../Frameworks",
				);
				MACOSX_DEPLOYMENT_TARGET = 10.13;
				PRODUCT_BUNDLE_IDENTIFIER = "com.JDSoftcode.Wave-RGB";
				PRODUCT_NAME = "$(TARGET_NAME)";
				PROVISIONING_PROFILE_SPECIFIER = "";
				SWIFT_OBJC_BRIDGING_HEADER = "Wave RGB/MyLightsLib/MyLightsLib-Bridging-Header.h";
				SWIFT_VERSION = 4.2;
			};
			name = Debug;
		};
		1F66E9F721EA8EAC00073820 /* Release */ = {
			isa = XCBuildConfiguration;
			buildSettings = {
				ASSETCATALOG_COMPILER_APPICON_NAME = AppIcon;
				CODE_SIGN_STYLE = Manual;
				COMBINE_HIDPI_IMAGES = YES;
				DEVELOPMENT_TEAM = C8PD7JUGYH;
				FRAMEWORK_SEARCH_PATHS = (
					"$(inherited)",
					"$(PROJECT_DIR)",
					"$(PROJECT_DIR)/Wave\\ RGB/MyLightsLib",
				);
				INFOPLIST_FILE = "Wave RGB/Info.plist";
				LD_RUNPATH_SEARCH_PATHS = (
					"$(inherited)",
					"@executable_path/../Frameworks",
				);
				MACOSX_DEPLOYMENT_TARGET = 10.13;
				PRODUCT_BUNDLE_IDENTIFIER = "com.JDSoftcode.Wave-RGB";
				PRODUCT_NAME = "$(TARGET_NAME)";
				PROVISIONING_PROFILE_SPECIFIER = "";
				SWIFT_OBJC_BRIDGING_HEADER = "Wave RGB/MyLightsLib/MyLightsLib-Bridging-Header.h";
				SWIFT_VERSION = 4.2;
			};
			name = Release;
		};
/* End XCBuildConfiguration section */

/* Begin XCConfigurationList section */
		1F66E9E221EA8EAA00073820 /* Build configuration list for PBXProject "Wave RGB" */ = {
			isa = XCConfigurationList;
			buildConfigurations = (
				1F66E9F321EA8EAC00073820 /* Debug */,
				1F66E9F421EA8EAC00073820 /* Release */,
			);
			defaultConfigurationIsVisible = 0;
			defaultConfigurationName = Release;
		};
		1F66E9F521EA8EAC00073820 /* Build configuration list for PBXNativeTarget "Wave RGB" */ = {
			isa = XCConfigurationList;
			buildConfigurations = (
				1F66E9F621EA8EAC00073820 /* Debug */,
				1F66E9F721EA8EAC00073820 /* Release */,
			);
			defaultConfigurationIsVisible = 0;
			defaultConfigurationName = Release;
		};
/* End XCConfigurationList section */
	};
	rootObject = 1F66E9DF21EA8EAA00073820 /* Project object */;
}
